
Microsoft Visual Studio Solution File, Format Version 12.00
# Visual Studio Version 16
VisualStudioVersion = 16.0.29926.136
MinimumVisualStudioVersion = 10.0.40219.1
Project("{FAE04EC0-301F-11D3-BF4B-00C04F79EFBC}") = "care", "care\care.csproj", "{8CC2B0E9-563B-439C-9289-9BC084041D12}"
EndProject
Global
	GlobalSection(SolutionConfigurationPlatforms) = preSolution
		Debug|Any CPU = Debug|Any CPU
		Release|Any CPU = Release|Any CPU
	EndGlobalSection
	GlobalSection(ProjectConfigurationPlatforms) = postSolution
		{8CC2B0E9-563B-439C-9289-9BC084041D12}.Debug|Any CPU.ActiveCfg = Debug|Any CPU
		{8CC2B0E9-563B-439C-9289-9BC084041D12}.Debug|Any CPU.Build.0 = Debug|Any CPU
		{8CC2B0E9-563B-439C-9289-9BC084041D12}.Release|Any CPU.ActiveCfg = Release|Any CPU
		{8CC2B0E9-563B-439C-9289-9BC084041D12}.Release|Any CPU.Build.0 = Release|Any CPU
	EndGlobalSection
	GlobalSection(SolutionProperties) = preSolution
		HideSolutionNode = FALSE
	EndGlobalSection
	GlobalSection(ExtensibilityGlobals) = postSolution
		SolutionGuid = {5E2C4E71-40B8-4561-9A6C-59B50A372C1A}
	EndGlobalSection
EndGlobal
